PODS:
  - QuietModemKit (0.3.2)

DEPENDENCIES:
  - QuietModemKit (from `../../QuietModemKit`)

EXTERNAL SOURCES:
  QuietModemKit:
    :path: "../../QuietModemKit"

SPEC CHECKSUMS:
  QuietModemKit: 8e6ad2d4ae6ad50e9d947713895f67f18b7207c5

PODFILE CHECKSUM: e6c9d95a92a01b505bfffb05f5c4a6dae45377f1

COCOAPODS: 1.15.2
